// !$*UTF8*$!
{
	archiveVersion = 1;
	classes = {
	};
	objectVersion = 46;
	objects = {

/* Begin PBXBuildFile section */
		BF51BCA61C5DA3CF00BA3372 /* IngredientsViewController.swift in Sources */ = {isa = PBXBuildFile; fileRef = BF51BCA51C5DA3CF00BA3372 /* IngredientsViewController.swift */; };
		BF51BCA81C5DA3E700BA3372 /* CompleteViewController.swift in Sources */ = {isa = PBXBuildFile; fileRef = BF51BCA71C5DA3E700BA3372 /* CompleteViewController.swift */; };
		BF65C6211C5C147E00260B30 /* AppDelegate.swift in Sources */ = {isa = PBXBuildFile; fileRef = BF65C6201C5C147E00260B30 /* AppDelegate.swift */; };
		BF65C6231C5C147E00260B30 /* ViewController.swift in Sources */ = {isa = PBXBuildFile; fileRef = BF65C6221C5C147E00260B30 /* ViewController.swift */; };
		BF65C6261C5C147E00260B30 /* Main.storyboard in Resources */ = {isa = PBXBuildFile; fileRef = BF65C6241C5C147E00260B30 /* Main.storyboard */; };
		BF65C6281C5C147E00260B30 /* Assets.xcassets in Resources */ = {isa = PBXBuildFile; fileRef = BF65C6271C5C147E00260B30 /* Assets.xcassets */; };
		BF65C62B1C5C147E00260B30 /* LaunchScreen.storyboard in Resources */ = {isa = PBXBuildFile; fileRef = BF65C6291C5C147E00260B30 /* LaunchScreen.storyboard */; };
		BF65C6351C5C173E00260B30 /* ContentViewController.swift in Sources */ = {isa = PBXBuildFile; fileRef = BF65C6341C5C173E00260B30 /* ContentViewController.swift */; };
		BF8BFD701C666429005FB479 /* ConfirmationController.swift in Sources */ = {isa = PBXBuildFile; fileRef = BF8BFD6F1C666429005FB479 /* ConfirmationController.swift */; };
		BFF852DF1C5EEBC000B7D51A /* DataClass.swift in Sources */ = {isa = PBXBuildFile; fileRef = BFF852DE1C5EEBC000B7D51A /* DataClass.swift */; };
/* End PBXBuildFile section */

/* Begin PBXFileReference section */
		BF51BCA51C5DA3CF00BA3372 /* IngredientsViewController.swift */ = {isa = PBXFileReference; fileEncoding = 4; lastKnownFileType = sourcecode.swift; path = IngredientsViewController.swift; sourceTree = "<group>"; };
		BF51BCA71C5DA3E700BA3372 /* CompleteViewController.swift */ = {isa = PBXFileReference; fileEncoding = 4; lastKnownFileType = sourcecode.swift; path = CompleteViewController.swift; sourceTree = "<group>"; };
		BF65C61D1C5C147E00260B30 /* pizza.app */ = {isa = PBXFileReference; explicitFileType = wrapper.application; includeInIndex = 0; path = pizza.app; sourceTree = BUILT_PRODUCTS_DIR; };
		BF65C6201C5C147E00260B30 /* AppDelegate.swift */ = {isa = PBXFileReference; lastKnownFileType = sourcecode.swift; path = AppDelegate.swift; sourceTree = "<group>"; };
		BF65C6221C5C147E00260B30 /* ViewController.swift */ = {isa = PBXFileReference; lastKnownFileType = sourcecode.swift; path = ViewController.swift; sourceTree = "<group>"; };
		BF65C6251C5C147E00260B30 /* Base */ = {isa = PBXFileReference; lastKnownFileType = file.storyboard; name = Base; path = Base.lproj/Main.storyboard; sourceTree = "<group>"; };
		BF65C6271C5C147E00260B30 /* Assets.xcassets */ = {isa = PBXFileReference; lastKnownFileType = folder.assetcatalog; path = Assets.xcassets; sourceTree = "<group>"; };
		BF65C62A1C5C147E00260B30 /* Base */ = {isa = PBXFileReference; lastKnownFileType = file.storyboard; name = Base; path = Base.lproj/LaunchScreen.storyboard; sourceTree = "<group>"; };
		BF65C62C1C5C147E00260B30 /* Info.plist */ = {isa = PBXFileReference; lastKnownFileType = text.plist.xml; path = Info.plist; sourceTree = "<group>"; };
		BF65C6341C5C173E00260B30 /* ContentViewController.swift */ = {isa = PBXFileReference; fileEncoding = 4; lastKnownFileType = sourcecode.swift; path = ContentViewController.swift; sourceTree = "<group>"; };
		BF8BFD6F1C666429005FB479 /* ConfirmationController.swift */ = {isa = PBXFileReference; fileEncoding = 4; lastKnownFileType = sourcecode.swift; path = ConfirmationController.swift; sourceTree = "<group>"; };
		BFF852DE1C5EEBC000B7D51A /* DataClass.swift */ = {isa = PBXFileReference; fileEncoding = 4; lastKnownFileType = sourcecode.swift; path = DataClass.swift; sourceTree = "<group>"; };
/* End PBXFileReference section */

/* Begin PBXFrameworksBuildPhase section */
		BF65C61A1C5C147E00260B30 /* Frameworks */ = {
			isa = PBXFrameworksBuildPhase;
			buildActionMask = 2147483647;
			files = (
			);
			runOnlyForDeploymentPostprocessing = 0;
		};
/* End PBXFrameworksBuildPhase section */

/* Begin PBXGroup section */
		BF65C6141C5C147E00260B30 = {
			isa = PBXGroup;
			children = (
				BF65C61F1C5C147E00260B30 /* pizza */,
				BF65C61E1C5C147E00260B30 /* Products */,
			);
			sourceTree = "<group>";
		};
		BF65C61E1C5C147E00260B30 /* Products */ = {
			isa = PBXGroup;
			children = (
				BF65C61D1C5C147E00260B30 /* pizza.app */,
			);
			name = Products;
			sourceTree = "<group>";
		};
		BF65C61F1C5C147E00260B30 /* pizza */ = {
			isa = PBXGroup;
			children = (
				BF65C6201C5C147E00260B30 /* AppDelegate.swift */,
				BF65C6221C5C147E00260B30 /* ViewController.swift */,
				BF65C6241C5C147E00260B30 /* Main.storyboard */,
				BF65C6271C5C147E00260B30 /* Assets.xcassets */,
				BF65C6291C5C147E00260B30 /* LaunchScreen.storyboard */,
				BF65C62C1C5C147E00260B30 /* Info.plist */,
				BF65C6341C5C173E00260B30 /* ContentViewController.swift */,
				BF51BCA51C5DA3CF00BA3372 /* IngredientsViewController.swift */,
				BF8BFD6F1C666429005FB479 /* ConfirmationController.swift */,
				BF51BCA71C5DA3E700BA3372 /* CompleteViewController.swift */,
				BFF852DE1C5EEBC000B7D51A /* DataClass.swift */,
			);
			path = pizza;
			sourceTree = "<group>";
		};
/* End PBXGroup section */

/* Begin PBXNativeTarget section */
		BF65C61C1C5C147E00260B30 /* pizza */ = {
			isa = PBXNativeTarget;
			buildConfigurationList = BF65C62F1C5C147E00260B30 /* Build configuration list for PBXNativeTarget "pizza" */;
			buildPhases = (
				BF65C6191C5C147E00260B30 /* Sources */,
				BF65C61A1C5C147E00260B30 /* Frameworks */,
				BF65C61B1C5C147E00260B30 /* Resources */,
			);
			buildRules = (
			);
			dependencies = (
			);
			name = pizza;
			productName = pizza;
			productReference = BF65C61D1C5C147E00260B30 /* pizza.app */;
			productType = "com.apple.product-type.application";
		};
/* End PBXNativeTarget section */

/* Begin PBXProject section */
		BF65C6151C5C147E00260B30 /* Project object */ = {
			isa = PBXProject;
			attributes = {
				LastSwiftUpdateCheck = 0720;
				LastUpgradeCheck = 0720;
				ORGANIZATIONNAME = "vicente rodriguez";
				TargetAttributes = {
					BF65C61C1C5C147E00260B30 = {
						CreatedOnToolsVersion = 7.2;
						DevelopmentTeam = BJRVSDXBD2;
					};
				};
			};
			buildConfigurationList = BF65C6181C5C147E00260B30 /* Build configuration list for PBXProject "pizza" */;
			compatibilityVersion = "Xcode 3.2";
			developmentRegion = English;
			hasScannedForEncodings = 0;
			knownRegions = (
				en,
				Base,
			);
			mainGroup = BF65C6141C5C147E00260B30;
			productRefGroup = BF65C61E1C5C147E00260B30 /* Products */;
			projectDirPath = "";
			projectRoot = "";
			targets = (
				BF65C61C1C5C147E00260B30 /* pizza */,
			);
		};
/* End PBXProject section */

/* Begin PBXResourcesBuildPhase section */
		BF65C61B1C5C147E00260B30 /* Resources */ = {
			isa = PBXResourcesBuildPhase;
			buildActionMask = 2147483647;
			files = (
				BF65C62B1C5C147E00260B30 /* LaunchScreen.storyboard in Resources */,
				BF65C6281C5C147E00260B30 /* Assets.xcassets in Resources */,
				BF65C6261C5C147E00260B30 /* Main.storyboard in Resources */,
			);
			runOnlyForDeploymentPostprocessing = 0;
		};
/* End PBXResourcesBuildPhase section */

/* Begin PBXSourcesBuildPhase section */
		BF65C6191C5C147E00260B30 /* Sources */ = {
			isa = PBXSourcesBuildPhase;
			buildActionMask = 2147483647;
			files = (
				BFF852DF1C5EEBC000B7D51A /* DataClass.swift in Sources */,
				BF65C6231C5C147E00260B30 /* ViewController.swift in Sources */,
				BF51BCA61C5DA3CF00BA3372 /* IngredientsViewController.swift in Sources */,
				BF65C6351C5C173E00260B30 /* ContentViewController.swift in Sources */,
				BF51BCA81C5DA3E700BA3372 /* CompleteViewController.swift in Sources */,
				BF65C6211C5C147E00260B30 /* AppDelegate.swift in Sources */,
				BF8BFD701C666429005FB479 /* ConfirmationController.swift in Sources */,
			);
			runOnlyForDeploymentPostprocessing = 0;
		};
/* End PBXSourcesBuildPhase section */

/* Begin PBXVariantGroup section */
		BF65C6241C5C147E00260B30 /* Main.storyboard */ = {
			isa = PBXVariantGroup;
			children = (
				BF65C6251C5C147E00260B30 /* Base */,
			);
			name = Main.storyboard;
			sourceTree = "<group>";
		};
		BF65C6291C5C147E00260B30 /* LaunchScreen.storyboard */ = {
			isa = PBXVariantGroup;
			children = (
				BF65C62A1C5C147E00260B30 /* Base */,
			);
			name = LaunchScreen.storyboard;
			sourceTree = "<group>";
		};
/* End PBXVariantGroup section */

/* Begin XCBuildConfiguration section */
		BF65C62D1C5C147E00260B30 /* Debug */ = {
			isa = XCBuildConfiguration;
			buildSettings = {
				ALWAYS_SEARCH_USER_PATHS = NO;
				CLANG_CXX_LANGUAGE_STANDARD = "gnu++0x";
				CLANG_CXX_LIBRARY = "libc++";
				CLANG_ENABLE_MODULES = YES;
				CLANG_ENABLE_OBJC_ARC = YES;
				CLANG_WARN_BOOL_CONVERSION = YES;
				CLANG_WARN_CONSTANT_CONVERSION = YES;
				CLANG_WARN_DIRECT_OBJC_ISA_USAGE = YES_ERROR;
				CLANG_WARN_EMPTY_BODY = YES;
				CLANG_WARN_ENUM_CONVERSION = YES;
				CLANG_WARN_INT_CONVERSION = YES;
				CLANG_WARN_OBJC_ROOT_CLASS = YES_ERROR;
				CLANG_WARN_UNREACHABLE_CODE = YES;
				CLANG_WARN__DUPLICATE_METHOD_MATCH = YES;
				"CODE_SIGN_IDENTITY[sdk=iphoneos*]" = "iPhone Developer";
				COPY_PHASE_STRIP = NO;
				DEBUG_INFORMATION_FORMAT = dwarf;
				ENABLE_STRICT_OBJC_MSGSEND = YES;
				ENABLE_TESTABILITY = YES;
				GCC_C_LANGUAGE_STANDARD = gnu99;
				GCC_DYNAMIC_NO_PIC = NO;
				GCC_NO_COMMON_BLOCKS = YES;
				GCC_OPTIMIZATION_LEVEL = 0;
				GCC_PREPROCESSOR_DEFINITIONS = (
					"DEBUG=1",
					"$(inherited)",
				);
				GCC_WARN_64_TO_32_BIT_CONVERSION = YES;
				GCC_WARN_ABOUT_RETURN_TYPE = YES_ERROR;
				GCC_WARN_UNDECLARED_SELECTOR = YES;
				GCC_WARN_UNINITIALIZED_AUTOS = YES_AGGRESSIVE;
				GCC_WARN_UNUSED_FUNCTION = YES;
				GCC_WARN_UNUSED_VARIABLE = YES;
				IPHONEOS_DEPLOYMENT_TARGET = 9.2;
				MTL_ENABLE_DEBUG_INFO = YES;
				ONLY_ACTIVE_ARCH = YES;
				SDKROOT = iphoneos;
				SWIFT_OPTIMIZATION_LEVEL = "-Onone";
			};
			name = Debug;
		};
		BF65C62E1C5C147E00260B30 /* Release */ = {
			isa = XCBuildConfiguration;
			buildSettings = {
				ALWAYS_SEARCH_USER_PATHS = NO;
				CLANG_CXX_LANGUAGE_STANDARD = "gnu++0x";
				CLANG_CXX_LIBRARY = "libc++";
				CLANG_ENABLE_MODULES = YES;
				CLANG_ENABLE_OBJC_ARC = YES;
				CLANG_WARN_BOOL_CONVERSION = YES;
				CLANG_WARN_CONSTANT_CONVERSION = YES;
				CLANG_WARN_DIRECT_OBJC_ISA_USAGE = YES_ERROR;
				CLANG_WARN_EMPTY_BODY = YES;
				CLANG_WARN_ENUM_CONVERSION = YES;
				CLANG_WARN_INT_CONVERSION = YES;
				CLANG_WARN_OBJC_ROOT_CLASS = YES_ERROR;
				CLANG_WARN_UNREACHABLE_CODE = YES;
				CLANG_WARN__DUPLICATE_METHOD_MATCH = YES;
				"CODE_SIGN_IDENTITY[sdk=iphoneos*]" = "iPhone Developer";
				COPY_PHASE_STRIP = NO;
				DEBUG_INFORMATION_FORMAT = "dwarf-with-dsym";
				ENABLE_NS_ASSERTIONS = NO;
				ENABLE_STRICT_OBJC_MSGSEND = YES;
				GCC_C_LANGUAGE_STANDARD = gnu99;
				GCC_NO_COMMON_BLOCKS = YES;
				GCC_WARN_64_TO_32_BIT_CONVERSION = YES;
				GCC_WARN_ABOUT_RETURN_TYPE = YES_ERROR;
				GCC_WARN_UNDECLARED_SELECTOR = YES;
				GCC_WARN_UNINITIALIZED_AUTOS = YES_AGGRESSIVE;
				GCC_WARN_UNUSED_FUNCTION = YES;
				GCC_WARN_UNUSED_VARIABLE = YES;
				IPHONEOS_DEPLOYMENT_TARGET = 9.2;
				MTL_ENABLE_DEBUG_INFO = NO;
				SDKROOT = iphoneos;
				VALIDATE_PRODUCT = YES;
			};
			name = Release;
		};
		BF65C6301C5C147E00260B30 /* Debug */ = {
			isa = XCBuildConfiguration;
			buildSettings = {
				ASSETCATALOG_COMPILER_APPICON_NAME = AppIcon;
				INFOPLIST_FILE = pizza/Info.plist;
				LD_RUNPATH_SEARCH_PATHS = "$(inherited) @executable_path/Frameworks";
				PRODUCT_BUNDLE_IDENTIFIER = projects.pizza;
				PRODUCT_NAME = "$(TARGET_NAME)";
			};
			name = Debug;
		};
		BF65C6311C5C147E00260B30 /* Release */ = {
			isa = XCBuildConfiguration;
			buildSettings = {
				ASSETCATALOG_COMPILER_APPICON_NAME = AppIcon;
				INFOPLIST_FILE = pizza/Info.plist;
				LD_RUNPATH_SEARCH_PATHS = "$(inherited) @executable_path/Frameworks";
				PRODUCT_BUNDLE_IDENTIFIER = projects.pizza;
				PRODUCT_NAME = "$(TARGET_NAME)";
			};
			name = Release;
		};
/* End XCBuildConfiguration section */

/* Begin XCConfigurationList section */
		BF65C6181C5C147E00260B30 /* Build configuration list for PBXProject "pizza" */ = {
			isa = XCConfigurationList;
			buildConfigurations = (
				BF65C62D1C5C147E00260B30 /* Debug */,
				BF65C62E1C5C147E00260B30 /* Release */,
			);
			defaultConfigurationIsVisible = 0;
			defaultConfigurationName = Release;
		};
		BF65C62F1C5C147E00260B30 /* Build configuration list for PBXNativeTarget "pizza" */ = {
			isa = XCConfigurationList;
			buildConfigurations = (
				BF65C6301C5C147E00260B30 /* Debug */,
				BF65C6311C5C147E00260B30 /* Release */,
			);
			defaultConfigurationIsVisible = 0;
			defaultConfigurationName = Release;
		};
/* End XCConfigurationList section */
	};
	rootObject = BF65C6151C5C147E00260B30 /* Project object */;
}
